// !$*UTF8*$!
{
	archiveVersion = 1;
	classes = {
	};
	objectVersion = 46;
	objects = {

/* Begin PBXBuildFile section */
		8287CF3C1C5A02100029F868 /* DDLogManager.h in Headers */ = {isa = PBXBuildFile; fileRef = 8287CF3B1C5A02100029F868 /* DDLogManager.h */; settings = {ATTRIBUTES = (Public, ); }; };
		8287CF461C5A02330029F868 /* DDLoger.swift in Sources */ = {isa = PBXBuildFile; fileRef = 8287CF431C5A02330029F868 /* DDLoger.swift */; };
		8287CF471C5A02330029F868 /* DDLogFormater.swift in Sources */ = {isa = PBXBuildFile; fileRef = 8287CF441C5A02330029F868 /* DDLogFormater.swift */; };
		8287CF481C5A02330029F868 /* DDLogManager.swift in Sources */ = {isa = PBXBuildFile; fileRef = 8287CF451C5A02330029F868 /* DDLogManager.swift */; };
		8287CF501C5A025A0029F868 /* DDLogTests.swift in Sources */ = {isa = PBXBuildFile; fileRef = 8287CF4F1C5A025A0029F868 /* DDLogTests.swift */; };
		8287CF521C5A025A0029F868 /* DDLogManager.framework in Frameworks */ = {isa = PBXBuildFile; fileRef = 8287CF381C5A02100029F868 /* DDLogManager.framework */; };
		8287CF5F1C5A04280029F868 /* AppDelegate.swift in Sources */ = {isa = PBXBuildFile; fileRef = 8287CF5E1C5A04280029F868 /* AppDelegate.swift */; };
		8287CF611C5A04280029F868 /* ViewController.swift in Sources */ = {isa = PBXBuildFile; fileRef = 8287CF601C5A04280029F868 /* ViewController.swift */; };
		8287CF641C5A04280029F868 /* Main.storyboard in Resources */ = {isa = PBXBuildFile; fileRef = 8287CF621C5A04280029F868 /* Main.storyboard */; };
		8287CF661C5A04280029F868 /* Assets.xcassets in Resources */ = {isa = PBXBuildFile; fileRef = 8287CF651C5A04280029F868 /* Assets.xcassets */; };
		8287CF691C5A04280029F868 /* LaunchScreen.storyboard in Resources */ = {isa = PBXBuildFile; fileRef = 8287CF671C5A04280029F868 /* LaunchScreen.storyboard */; };
		8287CF701C5A043D0029F868 /* DDLogManager.framework in Frameworks */ = {isa = PBXBuildFile; fileRef = 8287CF381C5A02100029F868 /* DDLogManager.framework */; };
		8287CF711C5A043D0029F868 /* DDLogManager.framework in Embed Frameworks */ = {isa = PBXBuildFile; fileRef = 8287CF381C5A02100029F868 /* DDLogManager.framework */; settings = {ATTRIBUTES = (CodeSignOnCopy, RemoveHeadersOnCopy, ); }; };
/* End PBXBuildFile section */

/* Begin PBXContainerItemProxy section */
		8287CF531C5A025A0029F868 /* PBXContainerItemProxy */ = {
			isa = PBXContainerItemProxy;
			containerPortal = 8287CF2F1C5A02100029F868 /* Project object */;
			proxyType = 1;
			remoteGlobalIDString = 8287CF371C5A02100029F868;
			remoteInfo = DDLogManager;
		};
		8287CF6E1C5A04370029F868 /* PBXContainerItemProxy */ = {
			isa = PBXContainerItemProxy;
			containerPortal = 8287CF2F1C5A02100029F868 /* Project object */;
			proxyType = 1;
			remoteGlobalIDString = 8287CF371C5A02100029F868;
			remoteInfo = DDLogManager;
		};
/* End PBXContainerItemProxy section */

/* Begin PBXCopyFilesBuildPhase section */
		8287CF721C5A043D0029F868 /* Embed Frameworks */ = {
			isa = PBXCopyFilesBuildPhase;
			buildActionMask = 2147483647;
			dstPath = "";
			dstSubfolderSpec = 10;
			files = (
				8287CF711C5A043D0029F868 /* DDLogManager.framework in Embed Frameworks */,
			);
			name = "Embed Frameworks";
			runOnlyForDeploymentPostprocessing = 0;
		};
/* End PBXCopyFilesBuildPhase section */

/* Begin PBXFileReference section */
		8287CF381C5A02100029F868 /* DDLogManager.framework */ = {isa = PBXFileReference; explicitFileType = wrapper.framework; includeInIndex = 0; path = DDLogManager.framework; sourceTree = BUILT_PRODUCTS_DIR; };
		8287CF3B1C5A02100029F868 /* DDLogManager.h */ = {isa = PBXFileReference; lastKnownFileType = sourcecode.c.h; path = DDLogManager.h; sourceTree = "<group>"; };
		8287CF3D1C5A02100029F868 /* Info.plist */ = {isa = PBXFileReference; lastKnownFileType = text.plist.xml; path = Info.plist; sourceTree = "<group>"; };
		8287CF431C5A02330029F868 /* DDLoger.swift */ = {isa = PBXFileReference; fileEncoding = 4; lastKnownFileType = sourcecode.swift; path = DDLoger.swift; sourceTree = "<group>"; };
		8287CF441C5A02330029F868 /* DDLogFormater.swift */ = {isa = PBXFileReference; fileEncoding = 4; lastKnownFileType = sourcecode.swift; path = DDLogFormater.swift; sourceTree = "<group>"; };
		8287CF451C5A02330029F868 /* DDLogManager.swift */ = {isa = PBXFileReference; fileEncoding = 4; lastKnownFileType = sourcecode.swift; path = DDLogManager.swift; sourceTree = "<group>"; };
		8287CF4D1C5A025A0029F868 /* DDLogTests.xctest */ = {isa = PBXFileReference; explicitFileType = wrapper.cfbundle; includeInIndex = 0; path = DDLogTests.xctest; sourceTree = BUILT_PRODUCTS_DIR; };
		8287CF4F1C5A025A0029F868 /* DDLogTests.swift */ = {isa = PBXFileReference; lastKnownFileType = sourcecode.swift; path = DDLogTests.swift; sourceTree = "<group>"; };
		8287CF511C5A025A0029F868 /* Info.plist */ = {isa = PBXFileReference; lastKnownFileType = text.plist.xml; path = Info.plist; sourceTree = "<group>"; };
		8287CF5C1C5A04280029F868 /* FmwApp.app */ = {isa = PBXFileReference; explicitFileType = wrapper.application; includeInIndex = 0; path = FmwApp.app; sourceTree = BUILT_PRODUCTS_DIR; };
		8287CF5E1C5A04280029F868 /* AppDelegate.swift */ = {isa = PBXFileReference; lastKnownFileType = sourcecode.swift; path = AppDelegate.swift; sourceTree = "<group>"; };
		8287CF601C5A04280029F868 /* ViewController.swift */ = {isa = PBXFileReference; lastKnownFileType = sourcecode.swift; path = ViewController.swift; sourceTree = "<group>"; };
		8287CF631C5A04280029F868 /* Base */ = {isa = PBXFileReference; lastKnownFileType = file.storyboard; name = Base; path = Base.lproj/Main.storyboard; sourceTree = "<group>"; };
		8287CF651C5A04280029F868 /* Assets.xcassets */ = {isa = PBXFileReference; lastKnownFileType = folder.assetcatalog; path = Assets.xcassets; sourceTree = "<group>"; };
		8287CF681C5A04280029F868 /* Base */ = {isa = PBXFileReference; lastKnownFileType = file.storyboard; name = Base; path = Base.lproj/LaunchScreen.storyboard; sourceTree = "<group>"; };
		8287CF6A1C5A04280029F868 /* Info.plist */ = {isa = PBXFileReference; lastKnownFileType = text.plist.xml; path = Info.plist; sourceTree = "<group>"; };
/* End PBXFileReference section */

/* Begin PBXFrameworksBuildPhase section */
		8287CF341C5A02100029F868 /* Frameworks */ = {
			isa = PBXFrameworksBuildPhase;
			buildActionMask = 2147483647;
			files = (
			);
			runOnlyForDeploymentPostprocessing = 0;
		};
		8287CF4A1C5A025A0029F868 /* Frameworks */ = {
			isa = PBXFrameworksBuildPhase;
			buildActionMask = 2147483647;
			files = (
				8287CF521C5A025A0029F868 /* DDLogManager.framework in Frameworks */,
			);
			runOnlyForDeploymentPostprocessing = 0;
		};
		8287CF591C5A04280029F868 /* Frameworks */ = {
			isa = PBXFrameworksBuildPhase;
			buildActionMask = 2147483647;
			files = (
				8287CF701C5A043D0029F868 /* DDLogManager.framework in Frameworks */,
			);
			runOnlyForDeploymentPostprocessing = 0;
		};
/* End PBXFrameworksBuildPhase section */

/* Begin PBXGroup section */
		8287CF2E1C5A02100029F868 = {
			isa = PBXGroup;
			children = (
				8287CF3A1C5A02100029F868 /* DDLogManager */,
				8287CF4E1C5A025A0029F868 /* DDLogTests */,
				8287CF5D1C5A04280029F868 /* FmwApp */,
				8287CF391C5A02100029F868 /* Products */,
			);
			sourceTree = "<group>";
		};
		8287CF391C5A02100029F868 /* Products */ = {
			isa = PBXGroup;
			children = (
				8287CF381C5A02100029F868 /* DDLogManager.framework */,
				8287CF4D1C5A025A0029F868 /* DDLogTests.xctest */,
				8287CF5C1C5A04280029F868 /* FmwApp.app */,
			);
			name = Products;
			sourceTree = "<group>";
		};
		8287CF3A1C5A02100029F868 /* DDLogManager */ = {
			isa = PBXGroup;
			children = (
				8287CF431C5A02330029F868 /* DDLoger.swift */,
				8287CF441C5A02330029F868 /* DDLogFormater.swift */,
				8287CF451C5A02330029F868 /* DDLogManager.swift */,
				8287CF3B1C5A02100029F868 /* DDLogManager.h */,
				8287CF3D1C5A02100029F868 /* Info.plist */,
			);
			path = DDLogManager;
			sourceTree = "<group>";
		};
		8287CF4E1C5A025A0029F868 /* DDLogTests */ = {
			isa = PBXGroup;
			children = (
				8287CF4F1C5A025A0029F868 /* DDLogTests.swift */,
				8287CF511C5A025A0029F868 /* Info.plist */,
			);
			path = DDLogTests;
			sourceTree = "<group>";
		};
		8287CF5D1C5A04280029F868 /* FmwApp */ = {
			isa = PBXGroup;
			children = (
				8287CF5E1C5A04280029F868 /* AppDelegate.swift */,
				8287CF601C5A04280029F868 /* ViewController.swift */,
				8287CF621C5A04280029F868 /* Main.storyboard */,
				8287CF651C5A04280029F868 /* Assets.xcassets */,
				8287CF671C5A04280029F868 /* LaunchScreen.storyboard */,
				8287CF6A1C5A04280029F868 /* Info.plist */,
			);
			path = FmwApp;
			sourceTree = "<group>";
		};
/* End PBXGroup section */

/* Begin PBXHeadersBuildPhase section */
		8287CF351C5A02100029F868 /* Headers */ = {
			isa = PBXHeadersBuildPhase;
			buildActionMask = 2147483647;
			files = (
				8287CF3C1C5A02100029F868 /* DDLogManager.h in Headers */,
			);
			runOnlyForDeploymentPostprocessing = 0;
		};
/* End PBXHeadersBuildPhase section */

/* Begin PBXNativeTarget section */
		8287CF371C5A02100029F868 /* DDLogManager */ = {
			isa = PBXNativeTarget;
			buildConfigurationList = 8287CF401C5A02100029F868 /* Build configuration list for PBXNativeTarget "DDLogManager" */;
			buildPhases = (
				8287CF331C5A02100029F868 /* Sources */,
				8287CF341C5A02100029F868 /* Frameworks */,
				8287CF351C5A02100029F868 /* Headers */,
				8287CF361C5A02100029F868 /* Resources */,
			);
			buildRules = (
			);
			dependencies = (
			);
			name = DDLogManager;
			productName = DDLogManager;
			productReference = 8287CF381C5A02100029F868 /* DDLogManager.framework */;
			productType = "com.apple.product-type.framework";
		};
		8287CF4C1C5A025A0029F868 /* DDLogTests */ = {
			isa = PBXNativeTarget;
			buildConfigurationList = 8287CF551C5A025A0029F868 /* Build configuration list for PBXNativeTarget "DDLogTests" */;
			buildPhases = (
				8287CF491C5A025A0029F868 /* Sources */,
				8287CF4A1C5A025A0029F868 /* Frameworks */,
				8287CF4B1C5A025A0029F868 /* Resources */,
			);
			buildRules = (
			);
			dependencies = (
				8287CF541C5A025A0029F868 /* PBXTargetDependency */,
			);
			name = DDLogTests;
			productName = DDLogTests;
			productReference = 8287CF4D1C5A025A0029F868 /* DDLogTests.xctest */;
			productType = "com.apple.product-type.bundle.unit-test";
		};
		8287CF5B1C5A04280029F868 /* FmwApp */ = {
			isa = PBXNativeTarget;
			buildConfigurationList = 8287CF6B1C5A04280029F868 /* Build configuration list for PBXNativeTarget "FmwApp" */;
			buildPhases = (
				8287CF581C5A04280029F868 /* Sources */,
				8287CF591C5A04280029F868 /* Frameworks */,
				8287CF5A1C5A04280029F868 /* Resources */,
				8287CF721C5A043D0029F868 /* Embed Frameworks */,
			);
			buildRules = (
			);
			dependencies = (
				8287CF6F1C5A04370029F868 /* PBXTargetDependency */,
			);
			name = FmwApp;
			productName = FmwApp;
			productReference = 8287CF5C1C5A04280029F868 /* FmwApp.app */;
			productType = "com.apple.product-type.application";
		};
/* End PBXNativeTarget section */

/* Begin PBXProject section */
		8287CF2F1C5A02100029F868 /* Project object */ = {
			isa = PBXProject;
			attributes = {
				LastSwiftUpdateCheck = 0720;
				LastUpgradeCheck = 0720;
				ORGANIZATIONNAME = jianbo;
				TargetAttributes = {
					8287CF371C5A02100029F868 = {
						CreatedOnToolsVersion = 7.2;
					};
					8287CF4C1C5A025A0029F868 = {
						CreatedOnToolsVersion = 7.2;
					};
					8287CF5B1C5A04280029F868 = {
						CreatedOnToolsVersion = 7.2;
					};
				};
			};
			buildConfigurationList = 8287CF321C5A02100029F868 /* Build configuration list for PBXProject "DDLogManager" */;
			compatibilityVersion = "Xcode 3.2";
			developmentRegion = English;
			hasScannedForEncodings = 0;
			knownRegions = (
				en,
				Base,
			);
			mainGroup = 8287CF2E1C5A02100029F868;
			productRefGroup = 8287CF391C5A02100029F868 /* Products */;
			projectDirPath = "";
			projectRoot = "";
			targets = (
				8287CF371C5A02100029F868 /* DDLogManager */,
				8287CF5B1C5A04280029F868 /* FmwApp */,
				8287CF4C1C5A025A0029F868 /* DDLogTests */,
			);
		};
/* End PBXProject section */

/* Begin PBXResourcesBuildPhase section */
		8287CF361C5A02100029F868 /* Resources */ = {
			isa = PBXResourcesBuildPhase;
			buildActionMask = 2147483647;
			files = (
			);
			runOnlyForDeploymentPostprocessing = 0;
		};
		8287CF4B1C5A025A0029F868 /* Resources */ = {
			isa = PBXResourcesBuildPhase;
			buildActionMask = 2147483647;
			files = (
			);
			runOnlyForDeploymentPostprocessing = 0;
		};
		8287CF5A1C5A04280029F868 /* Resources */ = {
			isa = PBXResourcesBuildPhase;
			buildActionMask = 2147483647;
			files = (
				8287CF691C5A04280029F868 /* LaunchScreen.storyboard in Resources */,
				8287CF661C5A04280029F868 /* Assets.xcassets in Resources */,
				8287CF641C5A04280029F868 /* Main.storyboard in Resources */,
			);
			runOnlyForDeploymentPostprocessing = 0;
		};
/* End PBXResourcesBuildPhase section */

/* Begin PBXSourcesBuildPhase section */
		8287CF331C5A02100029F868 /* Sources */ = {
			isa = PBXSourcesBuildPhase;
			buildActionMask = 2147483647;
			files = (
				8287CF481C5A02330029F868 /* DDLogManager.swift in Sources */,
				8287CF471C5A02330029F868 /* DDLogFormater.swift in Sources */,
				8287CF461C5A02330029F868 /* DDLoger.swift in Sources */,
			);
			runOnlyForDeploymentPostprocessing = 0;
		};
		8287CF491C5A025A0029F868 /* Sources */ = {
			isa = PBXSourcesBuildPhase;
			buildActionMask = 2147483647;
			files = (
				8287CF501C5A025A0029F868 /* DDLogTests.swift in Sources */,
			);
			runOnlyForDeploymentPostprocessing = 0;
		};
		8287CF581C5A04280029F868 /* Sources */ = {
			isa = PBXSourcesBuildPhase;
			buildActionMask = 2147483647;
			files = (
				8287CF611C5A04280029F868 /* ViewController.swift in Sources */,
				8287CF5F1C5A04280029F868 /* AppDelegate.swift in Sources */,
			);
			runOnlyForDeploymentPostprocessing = 0;
		};
/* End PBXSourcesBuildPhase section */

/* Begin PBXTargetDependency section */
		8287CF541C5A025A0029F868 /* PBXTargetDependency */ = {
			isa = PBXTargetDependency;
			target = 8287CF371C5A02100029F868 /* DDLogManager */;
			targetProxy = 8287CF531C5A025A0029F868 /* PBXContainerItemProxy */;
		};
		8287CF6F1C5A04370029F868 /* PBXTargetDependency */ = {
			isa = PBXTargetDependency;
			target = 8287CF371C5A02100029F868 /* DDLogManager */;
			targetProxy = 8287CF6E1C5A04370029F868 /* PBXContainerItemProxy */;
		};
/* End PBXTargetDependency section */

/* Begin PBXVariantGroup section */
		8287CF621C5A04280029F868 /* Main.storyboard */ = {
			isa = PBXVariantGroup;
			children = (
				8287CF631C5A04280029F868 /* Base */,
			);
			name = Main.storyboard;
			sourceTree = "<group>";
		};
		8287CF671C5A04280029F868 /* LaunchScreen.storyboard */ = {
			isa = PBXVariantGroup;
			children = (
				8287CF681C5A04280029F868 /* Base */,
			);
			name = LaunchScreen.storyboard;
			sourceTree = "<group>";
		};
/* End PBXVariantGroup section */

/* Begin XCBuildConfiguration section */
		8287CF3E1C5A02100029F868 /* Debug */ = {
			isa = XCBuildConfiguration;
			buildSettings = {
				ALWAYS_SEARCH_USER_PATHS = NO;
				CLANG_CXX_LANGUAGE_STANDARD = "gnu++0x";
				CLANG_CXX_LIBRARY = "libc++";
				CLANG_ENABLE_MODULES = YES;
				CLANG_ENABLE_OBJC_ARC = YES;
				CLANG_WARN_BOOL_CONVERSION = YES;
				CLANG_WARN_CONSTANT_CONVERSION = YES;
				CLANG_WARN_DIRECT_OBJC_ISA_USAGE = YES_ERROR;
				CLANG_WARN_EMPTY_BODY = YES;
				CLANG_WARN_ENUM_CONVERSION = YES;
				CLANG_WARN_INT_CONVERSION = YES;
				CLANG_WARN_OBJC_ROOT_CLASS = YES_ERROR;
				CLANG_WARN_UNREACHABLE_CODE = YES;
				CLANG_WARN__DUPLICATE_METHOD_MATCH = YES;
				CODE_SIGN_IDENTITY = "-";
				COPY_PHASE_STRIP = NO;
				CURRENT_PROJECT_VERSION = 1;
				DEBUG_INFORMATION_FORMAT = dwarf;
				ENABLE_STRICT_OBJC_MSGSEND = YES;
				ENABLE_TESTABILITY = YES;
				GCC_C_LANGUAGE_STANDARD = gnu99;
				GCC_DYNAMIC_NO_PIC = NO;
				GCC_NO_COMMON_BLOCKS = YES;
				GCC_OPTIMIZATION_LEVEL = 0;
				GCC_PREPROCESSOR_DEFINITIONS = (
					"DEBUG=1",
					"$(inherited)",
				);
				GCC_WARN_64_TO_32_BIT_CONVERSION = YES;
				GCC_WARN_ABOUT_RETURN_TYPE = YES_ERROR;
				GCC_WARN_UNDECLARED_SELECTOR = YES;
				GCC_WARN_UNINITIALIZED_AUTOS = YES_AGGRESSIVE;
				GCC_WARN_UNUSED_FUNCTION = YES;
				GCC_WARN_UNUSED_VARIABLE = YES;
				IPHONEOS_DEPLOYMENT_TARGET = 8.0;
				MACOSX_DEPLOYMENT_TARGET = 10.10;
				MTL_ENABLE_DEBUG_INFO = YES;
				ONLY_ACTIVE_ARCH = YES;
				SDKROOT = macosx;
				SWIFT_OPTIMIZATION_LEVEL = "-Onone";
				VERSIONING_SYSTEM = "apple-generic";
				VERSION_INFO_PREFIX = "";
			};
			name = Debug;
		};
		8287CF3F1C5A02100029F868 /* Release */ = {
			isa = XCBuildConfiguration;
			buildSettings = {
				ALWAYS_SEARCH_USER_PATHS = NO;
				CLANG_CXX_LANGUAGE_STANDARD = "gnu++0x";
				CLANG_CXX_LIBRARY = "libc++";
				CLANG_ENABLE_MODULES = YES;
				CLANG_ENABLE_OBJC_ARC = YES;
				CLANG_WARN_BOOL_CONVERSION = YES;
				CLANG_WARN_CONSTANT_CONVERSION = YES;
				CLANG_WARN_DIRECT_OBJC_ISA_USAGE = YES_ERROR;
				CLANG_WARN_EMPTY_BODY = YES;
				CLANG_WARN_ENUM_CONVERSION = YES;
				CLANG_WARN_INT_CONVERSION = YES;
				CLANG_WARN_OBJC_ROOT_CLASS = YES_ERROR;
				CLANG_WARN_UNREACHABLE_CODE = YES;
				CLANG_WARN__DUPLICATE_METHOD_MATCH = YES;
				CODE_SIGN_IDENTITY = "-";
				COPY_PHASE_STRIP = NO;
				CURRENT_PROJECT_VERSION = 1;
				DEBUG_INFORMATION_FORMAT = "dwarf-with-dsym";
				ENABLE_NS_ASSERTIONS = NO;
				ENABLE_STRICT_OBJC_MSGSEND = YES;
				GCC_C_LANGUAGE_STANDARD = gnu99;
				GCC_NO_COMMON_BLOCKS = YES;
				GCC_WARN_64_TO_32_BIT_CONVERSION = YES;
				GCC_WARN_ABOUT_RETURN_TYPE = YES_ERROR;
				GCC_WARN_UNDECLARED_SELECTOR = YES;
				GCC_WARN_UNINITIALIZED_AUTOS = YES_AGGRESSIVE;
				GCC_WARN_UNUSED_FUNCTION = YES;
				GCC_WARN_UNUSED_VARIABLE = YES;
				IPHONEOS_DEPLOYMENT_TARGET = 8.0;
				MACOSX_DEPLOYMENT_TARGET = 10.10;
				MTL_ENABLE_DEBUG_INFO = NO;
				SDKROOT = macosx;
				VERSIONING_SYSTEM = "apple-generic";
				VERSION_INFO_PREFIX = "";
			};
			name = Release;
		};
		8287CF411C5A02100029F868 /* Debug */ = {
			isa = XCBuildConfiguration;
			buildSettings = {
				CLANG_ENABLE_MODULES = YES;
				CODE_SIGN_IDENTITY = "";
				"CODE_SIGN_IDENTITY[sdk=iphoneos*]" = "iPhone Developer";
				COMBINE_HIDPI_IMAGES = YES;
				DEFINES_MODULE = YES;
				DYLIB_COMPATIBILITY_VERSION = 1;
				DYLIB_CURRENT_VERSION = 1;
				DYLIB_INSTALL_NAME_BASE = "@rpath";
				FRAMEWORK_VERSION = A;
				INFOPLIST_FILE = DDLogManager/Info.plist;
				INSTALL_PATH = "$(LOCAL_LIBRARY_DIR)/Frameworks";
				IPHONEOS_DEPLOYMENT_TARGET = 8.0;
				LD_RUNPATH_SEARCH_PATHS = "$(inherited) @executable_path/../Frameworks @loader_path/Frameworks";
				PRODUCT_BUNDLE_IDENTIFIER = com.jianbo.ddlogmanager;
				PRODUCT_NAME = "$(TARGET_NAME)";
				SKIP_INSTALL = YES;
				SUPPORTED_PLATFORMS = "iphonesimulator iphoneos macosx";
				SWIFT_OPTIMIZATION_LEVEL = "-Onone";
				VALID_ARCHS = "arm64 armv7 armv7s i386 x86_64";
			};
			name = Debug;
		};
		8287CF421C5A02100029F868 /* Release */ = {
			isa = XCBuildConfiguration;
			buildSettings = {
				CLANG_ENABLE_MODULES = YES;
				CODE_SIGN_IDENTITY = "";
				"CODE_SIGN_IDENTITY[sdk=iphoneos*]" = "iPhone Developer";
				COMBINE_HIDPI_IMAGES = YES;
				DEFINES_MODULE = YES;
				DYLIB_COMPATIBILITY_VERSION = 1;
				DYLIB_CURRENT_VERSION = 1;
				DYLIB_INSTALL_NAME_BASE = "@rpath";
				FRAMEWORK_VERSION = A;
				INFOPLIST_FILE = DDLogManager/Info.plist;
				INSTALL_PATH = "$(LOCAL_LIBRARY_DIR)/Frameworks";
				IPHONEOS_DEPLOYMENT_TARGET = 8.0;
				LD_RUNPATH_SEARCH_PATHS = "$(inherited) @executable_path/../Frameworks @loader_path/Frameworks";
				PRODUCT_BUNDLE_IDENTIFIER = com.jianbo.ddlogmanager;
				PRODUCT_NAME = "$(TARGET_NAME)";
				SKIP_INSTALL = YES;
				SUPPORTED_PLATFORMS = "iphonesimulator iphoneos macosx";
				VALID_ARCHS = "arm64 armv7 armv7s i386 x86_64";
			};
			name = Release;
		};
		8287CF561C5A025A0029F868 /* Debug */ = {
			isa = XCBuildConfiguration;
			buildSettings = {
				COMBINE_HIDPI_IMAGES = YES;
				INFOPLIST_FILE = DDLogTests/Info.plist;
				LD_RUNPATH_SEARCH_PATHS = "$(inherited) @executable_path/../Frameworks @loader_path/../Frameworks";
				MACOSX_DEPLOYMENT_TARGET = 10.11;
				PRODUCT_BUNDLE_IDENTIFIER = com.jianbo.DDLogTests;
				PRODUCT_NAME = "$(TARGET_NAME)";
			};
			name = Debug;
		};
		8287CF571C5A025A0029F868 /* Release */ = {
			isa = XCBuildConfiguration;
			buildSettings = {
				COMBINE_HIDPI_IMAGES = YES;
				INFOPLIST_FILE = DDLogTests/Info.plist;
				LD_RUNPATH_SEARCH_PATHS = "$(inherited) @executable_path/../Frameworks @loader_path/../Frameworks";
				MACOSX_DEPLOYMENT_TARGET = 10.11;
				PRODUCT_BUNDLE_IDENTIFIER = com.jianbo.DDLogTests;
				PRODUCT_NAME = "$(TARGET_NAME)";
			};
			name = Release;
		};
		8287CF6C1C5A04280029F868 /* Debug */ = {
			isa = XCBuildConfiguration;
			buildSettings = {
				ASSETCATALOG_COMPILER_APPICON_NAME = AppIcon;
				"CODE_SIGN_IDENTITY[sdk=iphoneos*]" = "iPhone Developer";
				EMBEDDED_CONTENT_CONTAINS_SWIFT = YES;
				INFOPLIST_FILE = FmwApp/Info.plist;
				IPHONEOS_DEPLOYMENT_TARGET = 8.0;
				LD_RUNPATH_SEARCH_PATHS = "$(inherited) @executable_path/Frameworks";
				PRODUCT_BUNDLE_IDENTIFIER = com.jianbo.FmwApp;
				PRODUCT_NAME = "$(TARGET_NAME)";
				SDKROOT = iphoneos;
				TARGETED_DEVICE_FAMILY = "1,2";
			};
			name = Debug;
		};
		8287CF6D1C5A04280029F868 /* Release */ = {
			isa = XCBuildConfiguration;
			buildSettings = {
				ASSETCATALOG_COMPILER_APPICON_NAME = AppIcon;
				"CODE_SIGN_IDENTITY[sdk=iphoneos*]" = "iPhone Developer";
				EMBEDDED_CONTENT_CONTAINS_SWIFT = YES;
				INFOPLIST_FILE = FmwApp/Info.plist;
				IPHONEOS_DEPLOYMENT_TARGET = 8.0;
				LD_RUNPATH_SEARCH_PATHS = "$(inherited) @executable_path/Frameworks";
				PRODUCT_BUNDLE_IDENTIFIER = com.jianbo.FmwApp;
				PRODUCT_NAME = "$(TARGET_NAME)";
				SDKROOT = iphoneos;
				TARGETED_DEVICE_FAMILY = "1,2";
				VALIDATE_PRODUCT = YES;
			};
			name = Release;
		};
/* End XCBuildConfiguration section */

/* Begin XCConfigurationList section */
		8287CF321C5A02100029F868 /* Build configuration list for PBXProject "DDLogManager" */ = {
			isa = XCConfigurationList;
			buildConfigurations = (
				8287CF3E1C5A02100029F868 /* Debug */,
				8287CF3F1C5A02100029F868 /* Release */,
			);
			defaultConfigurationIsVisible = 0;
			defaultConfigurationName = Release;
		};
		8287CF401C5A02100029F868 /* Build configuration list for PBXNativeTarget "DDLogManager" */ = {
			isa = XCConfigurationList;
			buildConfigurations = (
				8287CF411C5A02100029F868 /* Debug */,
				8287CF421C5A02100029F868 /* Release */,
			);
			defaultConfigurationIsVisible = 0;
			defaultConfigurationName = Release;
		};
		8287CF551C5A025A0029F868 /* Build configuration list for PBXNativeTarget "DDLogTests" */ = {
			isa = XCConfigurationList;
			buildConfigurations = (
				8287CF561C5A025A0029F868 /* Debug */,
				8287CF571C5A025A0029F868 /* Release */,
			);
			defaultConfigurationIsVisible = 0;
			defaultConfigurationName = Release;
		};
		8287CF6B1C5A04280029F868 /* Build configuration list for PBXNativeTarget "FmwApp" */ = {
			isa = XCConfigurationList;
			buildConfigurations = (
				8287CF6C1C5A04280029F868 /* Debug */,
				8287CF6D1C5A04280029F868 /* Release */,
			);
			defaultConfigurationIsVisible = 0;
			defaultConfigurationName = Release;
		};
/* End XCConfigurationList section */
	};
	rootObject = 8287CF2F1C5A02100029F868 /* Project object */;
}
